<?xml version="1.0" encoding="utf-8"?>
<Project ToolsVersion="4.0" xmlns="http://schemas.microsoft.com/developer/msbuild/2003">
  <ItemGroup>
    <ClInclude Include="DrawImage.h" />
    <ClInclude Include="MainCharacter.h" />
    <ClInclude Include="resource.h" />
    <ClInclude Include="SceneManager.h">
      <Filter>Engine</Filter>
    </ClInclude>
    <ClInclude Include="WorldManager.h">
      <Filter>Engine</Filter>
    </ClInclude>
    <ClInclude Include="ObjectManager.h">
      <Filter>Engine</Filter>
    </ClInclude>
    <ClInclude Include="InputManager.h">
      <Filter>Engine</Filter>
    </ClInclude>
    <ClInclude Include="ObjectBase.h">
      <Filter>Engine\Object</Filter>
    </ClInclude>
    <ClInclude Include="Character.h">
      <Filter>Engine\Object</Filter>
    </ClInclude>
    <ClInclude Include="TextureObject.h">
      <Filter>Engine\Object</Filter>
    </ClInclude>
    <ClInclude Include="EffectBase.h">
      <Filter>Engine\Object</Filter>
    </ClInclude>
  </ItemGroup>
  <ItemGroup>
    <ClCompile Include="DrawImage.cpp" />
    <ClCompile Include="Main.cpp" />
    <ClCompile Include="MainCharacter.cpp" />
    <ClCompile Include="SceneManager.cpp">
      <Filter>Engine</Filter>
    </ClCompile>
    <ClCompile Include="WorldManager.cpp">
      <Filter>Engine</Filter>
    </ClCompile>
    <ClCompile Include="ObjectManager.cpp">
      <Filter>Engine</Filter>
    </ClCompile>
    <ClCompile Include="NewMain.cpp" />
    <ClCompile Include="InputManager.cpp">
      <Filter>Engine</Filter>
    </ClCompile>
    <ClCompile Include="ObjectBase.cpp">
      <Filter>Engine\Object</Filter>
    </ClCompile>
    <ClCompile Include="Character.cpp">
      <Filter>Engine\Object</Filter>
    </ClCompile>
    <ClCompile Include="TextureObject.cpp">
      <Filter>Engine\Object</Filter>
    </ClCompile>
    <ClCompile Include="EffectBase.cpp">
      <Filter>Engine\Object</Filter>
    </ClCompile>
  </ItemGroup>
  <ItemGroup>
    <ResourceCompile Include="Gwaje_Background.rc" />
  </ItemGroup>
  <ItemGroup>
    <Filter Include="Engine">
      <UniqueIdentifier>{d8c8d4b4-eb9e-4671-9487-2da692279c66}</UniqueIdentifier>
    </Filter>
    <Filter Include="Engine\Object">
      <UniqueIdentifier>{0675e184-7926-426a-9b6f-3712411e9ed9}</UniqueIdentifier>
    </Filter>
  </ItemGroup>
</Project>